
Microsoft Visual Studio Solution File, Format Version 12.00
# Visual Studio 15
VisualStudioVersion = 15.0.26124.0
MinimumVisualStudioVersion = 15.0.26124.0
Project("{FAE04EC0-301F-11D3-BF4B-00C04F79EFBC}") = "CoreFinance", "CoreFinance\CoreFinance.csproj", "{74D08028-9F23-49D2-88FC-C061D045877E}"
EndProject
Project("{FAE04EC0-301F-11D3-BF4B-00C04F79EFBC}") = "Domain", "Domain\Domain.csproj", "{F1D3670A-23DC-4164-8473-87B7B54B516B}"
EndProject
Project("{FAE04EC0-301F-11D3-BF4B-00C04F79EFBC}") = "Infra", "Infra\Infra.csproj", "{E9DFCDDA-60A6-4654-9771-D49E27BE8FAE}"
EndProject
Project("{FAE04EC0-301F-11D3-BF4B-00C04F79EFBC}") = "DomainTest", "DomainTest\DomainTest.csproj", "{E9DFCDDA-60A6-4654-9771-D49E27BE8FAE}"
EndProject
Global
	GlobalSection(SolutionConfigurationPlatforms) = preSolution
		Debug|Any CPU = Debug|Any CPU
		Debug|x64 = Debug|x64
		Debug|x86 = Debug|x86
		Release|Any CPU = Release|Any CPU
		Release|x64 = Release|x64
		Release|x86 = Release|x86
	EndGlobalSection
	GlobalSection(ProjectConfigurationPlatforms) = postSolution
		{74D08028-9F23-49D2-88FC-C061D045877E}.Debug|Any CPU.ActiveCfg = Debug|Any CPU
		{74D08028-9F23-49D2-88FC-C061D045877E}.Debug|Any CPU.Build.0 = Debug|Any CPU
		{74D08028-9F23-49D2-88FC-C061D045877E}.Release|Any CPU.ActiveCfg = Release|Any CPU
		{74D08028-9F23-49D2-88FC-C061D045877E}.Release|Any CPU.Build.0 = Release|Any CPU
		{F1D3670A-23DC-4164-8473-87B7B54B516B}.Debug|Any CPU.ActiveCfg = Debug|Any CPU
		{F1D3670A-23DC-4164-8473-87B7B54B516B}.Debug|Any CPU.Build.0 = Debug|Any CPU
		{F1D3670A-23DC-4164-8473-87B7B54B516B}.Release|Any CPU.ActiveCfg = Release|Any CPU
		{F1D3670A-23DC-4164-8473-87B7B54B516B}.Release|Any CPU.Build.0 = Release|Any CPU
		{E9DFCDDA-60A6-4654-9771-D49E27BE8FAE}.Debug|Any CPU.ActiveCfg = Debug|Any CPU
		{E9DFCDDA-60A6-4654-9771-D49E27BE8FAE}.Debug|Any CPU.Build.0 = Debug|Any CPU
		{E9DFCDDA-60A6-4654-9771-D49E27BE8FAE}.Release|Any CPU.ActiveCfg = Release|Any CPU
		{E9DFCDDA-60A6-4654-9771-D49E27BE8FAE}.Release|Any CPU.Build.0 = Release|Any CPU
	EndGlobalSection
	GlobalSection(SolutionProperties) = preSolution
		HideSolutionNode = FALSE
	EndGlobalSection
EndGlobal
